
Microsoft Visual Studio Solution File, Format Version 12.00
# Visual Studio 15
VisualStudioVersion = 15.0.27428.2037
MinimumVisualStudioVersion = 10.0.40219.1
Project("{8BC9CEB8-8B4A-11D0-8D11-00A0C91BC942}") = "SmartPublisherDemo", "SmartPublisherDemo.vcxproj", "{53DA9A12-34CE-4564-96F7-41D1FC91C8BE}"
EndProject
Project("{8BC9CEB8-8B4A-11D0-8D11-00A0C91BC942}") = "RTMPPublisher", "..\RTMPPublisher\RTMPPublisher.vcxproj", "{B74486D2-5C7F-4B33-A48C-8E4491769273}"
EndProject
Global
	GlobalSection(SolutionConfigurationPlatforms) = preSolution
		Debug|Win32 = Debug|Win32
		Debug|x64 = Debug|x64
		Debug|x86 = Debug|x86
		Release|Win32 = Release|Win32
		Release|x64 = Release|x64
		Release|x86 = Release|x86
	EndGlobalSection
	GlobalSection(ProjectConfigurationPlatforms) = postSolution
		{53DA9A12-34CE-4564-96F7-41D1FC91C8BE}.Debug|Win32.ActiveCfg = Debug|Win32
		{53DA9A12-34CE-4564-96F7-41D1FC91C8BE}.Debug|Win32.Build.0 = Debug|Win32
		{53DA9A12-34CE-4564-96F7-41D1FC91C8BE}.Debug|x64.ActiveCfg = Debug|x64
		{53DA9A12-34CE-4564-96F7-41D1FC91C8BE}.Debug|x64.Build.0 = Debug|x64
		{53DA9A12-34CE-4564-96F7-41D1FC91C8BE}.Debug|x86.ActiveCfg = Debug|Win32
		{53DA9A12-34CE-4564-96F7-41D1FC91C8BE}.Debug|x86.Build.0 = Debug|Win32
		{53DA9A12-34CE-4564-96F7-41D1FC91C8BE}.Release|Win32.ActiveCfg = Release|Win32
		{53DA9A12-34CE-4564-96F7-41D1FC91C8BE}.Release|Win32.Build.0 = Release|Win32
		{53DA9A12-34CE-4564-96F7-41D1FC91C8BE}.Release|x64.ActiveCfg = Release|x64
		{53DA9A12-34CE-4564-96F7-41D1FC91C8BE}.Release|x64.Build.0 = Release|x64
		{53DA9A12-34CE-4564-96F7-41D1FC91C8BE}.Release|x86.ActiveCfg = Release|Win32
		{53DA9A12-34CE-4564-96F7-41D1FC91C8BE}.Release|x86.Build.0 = Release|Win32
		{B74486D2-5C7F-4B33-A48C-8E4491769273}.Debug|Win32.ActiveCfg = Debug|Win32
		{B74486D2-5C7F-4B33-A48C-8E4491769273}.Debug|Win32.Build.0 = Debug|Win32
		{B74486D2-5C7F-4B33-A48C-8E4491769273}.Debug|x64.ActiveCfg = Debug|x64
		{B74486D2-5C7F-4B33-A48C-8E4491769273}.Debug|x64.Build.0 = Debug|x64
		{B74486D2-5C7F-4B33-A48C-8E4491769273}.Debug|x86.ActiveCfg = Debug|Win32
		{B74486D2-5C7F-4B33-A48C-8E4491769273}.Debug|x86.Build.0 = Debug|Win32
		{B74486D2-5C7F-4B33-A48C-8E4491769273}.Release|Win32.ActiveCfg = PublisherDebug|Win32
		{B74486D2-5C7F-4B33-A48C-8E4491769273}.Release|Win32.Build.0 = PublisherDebug|Win32
		{B74486D2-5C7F-4B33-A48C-8E4491769273}.Release|x64.ActiveCfg = Release|x64
		{B74486D2-5C7F-4B33-A48C-8E4491769273}.Release|x64.Build.0 = Release|x64
		{B74486D2-5C7F-4B33-A48C-8E4491769273}.Release|x86.ActiveCfg = Release|Win32
		{B74486D2-5C7F-4B33-A48C-8E4491769273}.Release|x86.Build.0 = Release|Win32
	EndGlobalSection
	GlobalSection(SolutionProperties) = preSolution
		HideSolutionNode = FALSE
	EndGlobalSection
	GlobalSection(ExtensibilityGlobals) = postSolution
		SolutionGuid = {BA2DF294-C0A2-4A81-8DD8-E69882FF8875}
	EndGlobalSection
EndGlobal
